
Microsoft Visual Studio Solution File, Format Version 12.00
Project("{FAE04EC0-301F-11D3-BF4B-00C04F79EFBC}") = "SshFileTextReplacer", "SshFileTextReplacer\SshFileTextReplacer.csproj", "{70424D19-2F8E-46AE-B44E-20C25DD662D0}"
EndProject
Global
	GlobalSection(SolutionConfigurationPlatforms) = preSolution
		Debug|Any CPU = Debug|Any CPU
		Release|Any CPU = Release|Any CPU
	EndGlobalSection
	GlobalSection(ProjectConfigurationPlatforms) = postSolution
		{70424D19-2F8E-46AE-B44E-20C25DD662D0}.Debug|Any CPU.ActiveCfg = Debug|Any CPU
		{70424D19-2F8E-46AE-B44E-20C25DD662D0}.Debug|Any CPU.Build.0 = Debug|Any CPU
		{70424D19-2F8E-46AE-B44E-20C25DD662D0}.Release|Any CPU.ActiveCfg = Release|Any CPU
		{70424D19-2F8E-46AE-B44E-20C25DD662D0}.Release|Any CPU.Build.0 = Release|Any CPU
	EndGlobalSection
EndGlobal
